
Microsoft Visual Studio Solution File, Format Version 12.00
# Visual Studio Version 16
VisualStudioVersion = 16.0.29209.62
MinimumVisualStudioVersion = 10.0.40219.1
Project("{9A19103F-16F7-4668-BE54-9A1E7A4F7556}") = "test.vue", "test.vue.csproj", "{FF09B14A-A57C-4596-B8A5-B07ADEE4271D}"
EndProject
Global
	GlobalSection(SolutionConfigurationPlatforms) = preSolution
		Debug|Any CPU = Debug|Any CPU
		Release|Any CPU = Release|Any CPU
	EndGlobalSection
	GlobalSection(ProjectConfigurationPlatforms) = postSolution
		{FF09B14A-A57C-4596-B8A5-B07ADEE4271D}.Debug|Any CPU.ActiveCfg = Debug|Any CPU
		{FF09B14A-A57C-4596-B8A5-B07ADEE4271D}.Debug|Any CPU.Build.0 = Debug|Any CPU
		{FF09B14A-A57C-4596-B8A5-B07ADEE4271D}.Release|Any CPU.ActiveCfg = Release|Any CPU
		{FF09B14A-A57C-4596-B8A5-B07ADEE4271D}.Release|Any CPU.Build.0 = Release|Any CPU
	EndGlobalSection
	GlobalSection(SolutionProperties) = preSolution
		HideSolutionNode = FALSE
	EndGlobalSection
	GlobalSection(ExtensibilityGlobals) = postSolution
		SolutionGuid = {CB7B56B5-AA39-494A-BD3B-107CEDD3A08A}
	EndGlobalSection
EndGlobal
